
Microsoft Visual Studio Solution File, Format Version 12.00
# Visual Studio Version 16
VisualStudioVersion = 16.0.31729.503
MinimumVisualStudioVersion = 10.0.40219.1
Project("{FAE04EC0-301F-11D3-BF4B-00C04F79EFBC}") = "DeliveryTest", "DeliveryTest\DeliveryTest.csproj", "{BC6FCED5-C219-437D-B422-905BA9742A2E}"
EndProject
Global
	GlobalSection(SolutionConfigurationPlatforms) = preSolution
		Debug|Any CPU = Debug|Any CPU
		Release|Any CPU = Release|Any CPU
	EndGlobalSection
	GlobalSection(ProjectConfigurationPlatforms) = postSolution
		{BC6FCED5-C219-437D-B422-905BA9742A2E}.Debug|Any CPU.ActiveCfg = Debug|Any CPU
		{BC6FCED5-C219-437D-B422-905BA9742A2E}.Debug|Any CPU.Build.0 = Debug|Any CPU
		{BC6FCED5-C219-437D-B422-905BA9742A2E}.Release|Any CPU.ActiveCfg = Release|Any CPU
		{BC6FCED5-C219-437D-B422-905BA9742A2E}.Release|Any CPU.Build.0 = Release|Any CPU
	EndGlobalSection
	GlobalSection(SolutionProperties) = preSolution
		HideSolutionNode = FALSE
	EndGlobalSection
	GlobalSection(ExtensibilityGlobals) = postSolution
		SolutionGuid = {7798486D-819B-4498-A137-AF790D6A6AF3}
	EndGlobalSection
EndGlobal
